
Microsoft Visual Studio Solution File, Format Version 12.00
# Visual Studio Version 17
VisualStudioVersion = 17.4.33110.190
MinimumVisualStudioVersion = 10.0.40219.1
Project("{8BC9CEB8-8B4A-11D0-8D11-00A0C91BC942}") = "proect09.05.2023", "proect09.05.2023.vcxproj", "{F8BA7725-47E7-4C6B-95C3-44C427B83F83}"
EndProject
Global
	GlobalSection(SolutionConfigurationPlatforms) = preSolution
		Debug|x64 = Debug|x64
		Debug|x86 = Debug|x86
		Release|x64 = Release|x64
		Release|x86 = Release|x86
	EndGlobalSection
	GlobalSection(ProjectConfigurationPlatforms) = postSolution
		{F8BA7725-47E7-4C6B-95C3-44C427B83F83}.Debug|x64.ActiveCfg = Debug|x64
		{F8BA7725-47E7-4C6B-95C3-44C427B83F83}.Debug|x64.Build.0 = Debug|x64
		{F8BA7725-47E7-4C6B-95C3-44C427B83F83}.Debug|x86.ActiveCfg = Debug|Win32
		{F8BA7725-47E7-4C6B-95C3-44C427B83F83}.Debug|x86.Build.0 = Debug|Win32
		{F8BA7725-47E7-4C6B-95C3-44C427B83F83}.Release|x64.ActiveCfg = Release|x64
		{F8BA7725-47E7-4C6B-95C3-44C427B83F83}.Release|x64.Build.0 = Release|x64
		{F8BA7725-47E7-4C6B-95C3-44C427B83F83}.Release|x86.ActiveCfg = Release|Win32
		{F8BA7725-47E7-4C6B-95C3-44C427B83F83}.Release|x86.Build.0 = Release|Win32
	EndGlobalSection
	GlobalSection(SolutionProperties) = preSolution
		HideSolutionNode = FALSE
	EndGlobalSection
	GlobalSection(ExtensibilityGlobals) = postSolution
		SolutionGuid = {A6860026-B76B-4F7E-AAB8-CAB65DBF2308}
	EndGlobalSection
EndGlobal
